// !$*UTF8*$!
{
	archiveVersion = 1;
	classes = {
	};
	objectVersion = 50;
	objects = {

/* Begin PBXBuildFile section */
		BA05D31E22C0AAB70012F111 /* AppDelegate.swift in Sources */ = {isa = PBXBuildFile; fileRef = BA05D31D22C0AAB70012F111 /* AppDelegate.swift */; };
		BA05D32322C0AAB70012F111 /* Main.storyboard in Resources */ = {isa = PBXBuildFile; fileRef = BA05D32122C0AAB70012F111 /* Main.storyboard */; };
		BA05D32522C0AAB90012F111 /* Assets.xcassets in Resources */ = {isa = PBXBuildFile; fileRef = BA05D32422C0AAB90012F111 /* Assets.xcassets */; };
		BA05D32822C0AAB90012F111 /* LaunchScreen.storyboard in Resources */ = {isa = PBXBuildFile; fileRef = BA05D32622C0AAB90012F111 /* LaunchScreen.storyboard */; };
		BA05D33522C0CEBE0012F111 /* LineTableViewCell.xib in Resources */ = {isa = PBXBuildFile; fileRef = BA05D33322C0CEBE0012F111 /* LineTableViewCell.xib */; };
		BA05D33922C0CFED0012F111 /* LineTableViewCell.swift in Sources */ = {isa = PBXBuildFile; fileRef = BA05D33822C0CFED0012F111 /* LineTableViewCell.swift */; };
		BA05D33C22C0D4090012F111 /* FirstTableViewController.swift in Sources */ = {isa = PBXBuildFile; fileRef = BA05D33B22C0D4090012F111 /* FirstTableViewController.swift */; };
		BA05D33E22C1C90F0012F111 /* SecondViewController.swift in Sources */ = {isa = PBXBuildFile; fileRef = BA05D33D22C1C90F0012F111 /* SecondViewController.swift */; };
		BA05D34122C230820012F111 /* SecondTableViewCell.swift in Sources */ = {isa = PBXBuildFile; fileRef = BA05D33F22C230810012F111 /* SecondTableViewCell.swift */; };
		BA05D34222C230820012F111 /* SecondTableViewCell.xib in Resources */ = {isa = PBXBuildFile; fileRef = BA05D34022C230810012F111 /* SecondTableViewCell.xib */; };
		BA05D34422C231E30012F111 /* SecondData.swift in Sources */ = {isa = PBXBuildFile; fileRef = BA05D34322C231E30012F111 /* SecondData.swift */; };
/* End PBXBuildFile section */

/* Begin PBXFileReference section */
		BA05D31A22C0AAB70012F111 /* Line Profile.app */ = {isa = PBXFileReference; explicitFileType = wrapper.application; includeInIndex = 0; path = "Line Profile.app"; sourceTree = BUILT_PRODUCTS_DIR; };
		BA05D31D22C0AAB70012F111 /* AppDelegate.swift */ = {isa = PBXFileReference; lastKnownFileType = sourcecode.swift; path = AppDelegate.swift; sourceTree = "<group>"; };
		BA05D32222C0AAB70012F111 /* Base */ = {isa = PBXFileReference; lastKnownFileType = file.storyboard; name = Base; path = Base.lproj/Main.storyboard; sourceTree = "<group>"; };
		BA05D32422C0AAB90012F111 /* Assets.xcassets */ = {isa = PBXFileReference; lastKnownFileType = folder.assetcatalog; path = Assets.xcassets; sourceTree = "<group>"; };
		BA05D32722C0AAB90012F111 /* Base */ = {isa = PBXFileReference; lastKnownFileType = file.storyboard; name = Base; path = Base.lproj/LaunchScreen.storyboard; sourceTree = "<group>"; };
		BA05D32922C0AAB90012F111 /* Info.plist */ = {isa = PBXFileReference; lastKnownFileType = text.plist.xml; path = Info.plist; sourceTree = "<group>"; };
		BA05D33322C0CEBE0012F111 /* LineTableViewCell.xib */ = {isa = PBXFileReference; lastKnownFileType = file.xib; path = LineTableViewCell.xib; sourceTree = "<group>"; };
		BA05D33822C0CFED0012F111 /* LineTableViewCell.swift */ = {isa = PBXFileReference; lastKnownFileType = sourcecode.swift; path = LineTableViewCell.swift; sourceTree = "<group>"; };
		BA05D33B22C0D4090012F111 /* FirstTableViewController.swift */ = {isa = PBXFileReference; lastKnownFileType = sourcecode.swift; path = FirstTableViewController.swift; sourceTree = "<group>"; };
		BA05D33D22C1C90F0012F111 /* SecondViewController.swift */ = {isa = PBXFileReference; lastKnownFileType = sourcecode.swift; name = SecondViewController.swift; path = ../View/SecondViewController.swift; sourceTree = "<group>"; };
		BA05D33F22C230810012F111 /* SecondTableViewCell.swift */ = {isa = PBXFileReference; lastKnownFileType = sourcecode.swift; name = SecondTableViewCell.swift; path = "../Line Profile/SecondTableViewCell.swift"; sourceTree = "<group>"; };
		BA05D34022C230810012F111 /* SecondTableViewCell.xib */ = {isa = PBXFileReference; lastKnownFileType = file.xib; name = SecondTableViewCell.xib; path = "../Line Profile/SecondTableViewCell.xib"; sourceTree = "<group>"; };
		BA05D34322C231E30012F111 /* SecondData.swift */ = {isa = PBXFileReference; lastKnownFileType = sourcecode.swift; name = SecondData.swift; path = Model/SecondData.swift; sourceTree = SOURCE_ROOT; };
/* End PBXFileReference section */

/* Begin PBXFrameworksBuildPhase section */
		BA05D31722C0AAB70012F111 /* Frameworks */ = {
			isa = PBXFrameworksBuildPhase;
			buildActionMask = 2147483647;
			files = (
			);
			runOnlyForDeploymentPostprocessing = 0;
		};
/* End PBXFrameworksBuildPhase section */

/* Begin PBXGroup section */
		BA05D31122C0AAB70012F111 = {
			isa = PBXGroup;
			children = (
				BA05D31C22C0AAB70012F111 /* Line Profile */,
				BA05D33A22C0D36B0012F111 /* Controller */,
				BA05D33622C0CEE10012F111 /* View */,
				BA05D33722C0CFC10012F111 /* Model */,
				BA05D31B22C0AAB70012F111 /* Products */,
			);
			sourceTree = "<group>";
		};
		BA05D31B22C0AAB70012F111 /* Products */ = {
			isa = PBXGroup;
			children = (
				BA05D31A22C0AAB70012F111 /* Line Profile.app */,
			);
			name = Products;
			sourceTree = "<group>";
		};
		BA05D31C22C0AAB70012F111 /* Line Profile */ = {
			isa = PBXGroup;
			children = (
				BA05D31D22C0AAB70012F111 /* AppDelegate.swift */,
				BA05D32122C0AAB70012F111 /* Main.storyboard */,
				BA05D32422C0AAB90012F111 /* Assets.xcassets */,
				BA05D32622C0AAB90012F111 /* LaunchScreen.storyboard */,
				BA05D32922C0AAB90012F111 /* Info.plist */,
			);
			path = "Line Profile";
			sourceTree = "<group>";
		};
		BA05D33622C0CEE10012F111 /* View */ = {
			isa = PBXGroup;
			children = (
				BA05D33322C0CEBE0012F111 /* LineTableViewCell.xib */,
				BA05D33822C0CFED0012F111 /* LineTableViewCell.swift */,
				BA05D33F22C230810012F111 /* SecondTableViewCell.swift */,
				BA05D34022C230810012F111 /* SecondTableViewCell.xib */,
			);
			path = View;
			sourceTree = "<group>";
		};
		BA05D33722C0CFC10012F111 /* Model */ = {
			isa = PBXGroup;
			children = (
				BA05D34322C231E30012F111 /* SecondData.swift */,
			);
			path = Model;
			sourceTree = "<group>";
		};
		BA05D33A22C0D36B0012F111 /* Controller */ = {
			isa = PBXGroup;
			children = (
				BA05D33B22C0D4090012F111 /* FirstTableViewController.swift */,
				BA05D33D22C1C90F0012F111 /* SecondViewController.swift */,
			);
			path = Controller;
			sourceTree = "<group>";
		};
/* End PBXGroup section */

/* Begin PBXNativeTarget section */
		BA05D31922C0AAB70012F111 /* Line Profile */ = {
			isa = PBXNativeTarget;
			buildConfigurationList = BA05D32C22C0AAB90012F111 /* Build configuration list for PBXNativeTarget "Line Profile" */;
			buildPhases = (
				BA05D31622C0AAB70012F111 /* Sources */,
				BA05D31722C0AAB70012F111 /* Frameworks */,
				BA05D31822C0AAB70012F111 /* Resources */,
			);
			buildRules = (
			);
			dependencies = (
			);
			name = "Line Profile";
			productName = "Line Profile";
			productReference = BA05D31A22C0AAB70012F111 /* Line Profile.app */;
			productType = "com.apple.product-type.application";
		};
/* End PBXNativeTarget section */

/* Begin PBXProject section */
		BA05D31222C0AAB70012F111 /* Project object */ = {
			isa = PBXProject;
			attributes = {
				LastSwiftUpdateCheck = 1020;
				LastUpgradeCheck = 1020;
				ORGANIZATIONNAME = Henry;
				TargetAttributes = {
					BA05D31922C0AAB70012F111 = {
						CreatedOnToolsVersion = 10.2.1;
					};
				};
			};
			buildConfigurationList = BA05D31522C0AAB70012F111 /* Build configuration list for PBXProject "Line Profile" */;
			compatibilityVersion = "Xcode 9.3";
			developmentRegion = en;
			hasScannedForEncodings = 0;
			knownRegions = (
				en,
				Base,
			);
			mainGroup = BA05D31122C0AAB70012F111;
			productRefGroup = BA05D31B22C0AAB70012F111 /* Products */;
			projectDirPath = "";
			projectRoot = "";
			targets = (
				BA05D31922C0AAB70012F111 /* Line Profile */,
			);
		};
/* End PBXProject section */

/* Begin PBXResourcesBuildPhase section */
		BA05D31822C0AAB70012F111 /* Resources */ = {
			isa = PBXResourcesBuildPhase;
			buildActionMask = 2147483647;
			files = (
				BA05D32822C0AAB90012F111 /* LaunchScreen.storyboard in Resources */,
				BA05D33522C0CEBE0012F111 /* LineTableViewCell.xib in Resources */,
				BA05D34222C230820012F111 /* SecondTableViewCell.xib in Resources */,
				BA05D32522C0AAB90012F111 /* Assets.xcassets in Resources */,
				BA05D32322C0AAB70012F111 /* Main.storyboard in Resources */,
			);
			runOnlyForDeploymentPostprocessing = 0;
		};
/* End PBXResourcesBuildPhase section */

/* Begin PBXSourcesBuildPhase section */
		BA05D31622C0AAB70012F111 /* Sources */ = {
			isa = PBXSourcesBuildPhase;
			buildActionMask = 2147483647;
			files = (
				BA05D33E22C1C90F0012F111 /* SecondViewController.swift in Sources */,
				BA05D34122C230820012F111 /* SecondTableViewCell.swift in Sources */,
				BA05D33922C0CFED0012F111 /* LineTableViewCell.swift in Sources */,
				BA05D34422C231E30012F111 /* SecondData.swift in Sources */,
				BA05D31E22C0AAB70012F111 /* AppDelegate.swift in Sources */,
				BA05D33C22C0D4090012F111 /* FirstTableViewController.swift in Sources */,
			);
			runOnlyForDeploymentPostprocessing = 0;
		};
/* End PBXSourcesBuildPhase section */

/* Begin PBXVariantGroup section */
		BA05D32122C0AAB70012F111 /* Main.storyboard */ = {
			isa = PBXVariantGroup;
			children = (
				BA05D32222C0AAB70012F111 /* Base */,
			);
			name = Main.storyboard;
			sourceTree = "<group>";
		};
		BA05D32622C0AAB90012F111 /* LaunchScreen.storyboard */ = {
			isa = PBXVariantGroup;
			children = (
				BA05D32722C0AAB90012F111 /* Base */,
			);
			name = LaunchScreen.storyboard;
			sourceTree = "<group>";
		};
/* End PBXVariantGroup section */

/* Begin XCBuildConfiguration section */
		BA05D32A22C0AAB90012F111 /* Debug */ = {
			isa = XCBuildConfiguration;
			buildSettings = {
				ALWAYS_SEARCH_USER_PATHS = NO;
				CLANG_ANALYZER_NONNULL = YES;
				CLANG_ANALYZER_NUMBER_OBJECT_CONVERSION = YES_AGGRESSIVE;
				CLANG_CXX_LANGUAGE_STANDARD = "gnu++14";
				CLANG_CXX_LIBRARY = "libc++";
				CLANG_ENABLE_MODULES = YES;
				CLANG_ENABLE_OBJC_ARC = YES;
				CLANG_ENABLE_OBJC_WEAK = YES;
				CLANG_WARN_BLOCK_CAPTURE_AUTORELEASING = YES;
				CLANG_WARN_BOOL_CONVERSION = YES;
				CLANG_WARN_COMMA = YES;
				CLANG_WARN_CONSTANT_CONVERSION = YES;
				CLANG_WARN_DEPRECATED_OBJC_IMPLEMENTATIONS = YES;
				CLANG_WARN_DIRECT_OBJC_ISA_USAGE = YES_ERROR;
				CLANG_WARN_DOCUMENTATION_COMMENTS = YES;
				CLANG_WARN_EMPTY_BODY = YES;
				CLANG_WARN_ENUM_CONVERSION = YES;
				CLANG_WARN_INFINITE_RECURSION = YES;
				CLANG_WARN_INT_CONVERSION = YES;
				CLANG_WARN_NON_LITERAL_NULL_CONVERSION = YES;
				CLANG_WARN_OBJC_IMPLICIT_RETAIN_SELF = YES;
				CLANG_WARN_OBJC_LITERAL_CONVERSION = YES;
				CLANG_WARN_OBJC_ROOT_CLASS = YES_ERROR;
				CLANG_WARN_RANGE_LOOP_ANALYSIS = YES;
				CLANG_WARN_STRICT_PROTOTYPES = YES;
				CLANG_WARN_SUSPICIOUS_MOVE = YES;
				CLANG_WARN_UNGUARDED_AVAILABILITY = YES_AGGRESSIVE;
				CLANG_WARN_UNREACHABLE_CODE = YES;
				CLANG_WARN__DUPLICATE_METHOD_MATCH = YES;
				CODE_SIGN_IDENTITY = "iPhone Developer";
				COPY_PHASE_STRIP = NO;
				DEBUG_INFORMATION_FORMAT = dwarf;
				ENABLE_STRICT_OBJC_MSGSEND = YES;
				ENABLE_TESTABILITY = YES;
				GCC_C_LANGUAGE_STANDARD = gnu11;
				GCC_DYNAMIC_NO_PIC = NO;
				GCC_NO_COMMON_BLOCKS = YES;
				GCC_OPTIMIZATION_LEVEL = 0;
				GCC_PREPROCESSOR_DEFINITIONS = (
					"DEBUG=1",
					"$(inherited)",
				);
				GCC_WARN_64_TO_32_BIT_CONVERSION = YES;
				GCC_WARN_ABOUT_RETURN_TYPE = YES_ERROR;
				GCC_WARN_UNDECLARED_SELECTOR = YES;
				GCC_WARN_UNINITIALIZED_AUTOS = YES_AGGRESSIVE;
				GCC_WARN_UNUSED_FUNCTION = YES;
				GCC_WARN_UNUSED_VARIABLE = YES;
				IPHONEOS_DEPLOYMENT_TARGET = 12.2;
				MTL_ENABLE_DEBUG_INFO = INCLUDE_SOURCE;
				MTL_FAST_MATH = YES;
				ONLY_ACTIVE_ARCH = YES;
				SDKROOT = iphoneos;
				SWIFT_ACTIVE_COMPILATION_CONDITIONS = DEBUG;
				SWIFT_OPTIMIZATION_LEVEL = "-Onone";
			};
			name = Debug;
		};
		BA05D32B22C0AAB90012F111 /* Release */ = {
			isa = XCBuildConfiguration;
			buildSettings = {
				ALWAYS_SEARCH_USER_PATHS = NO;
				CLANG_ANALYZER_NONNULL = YES;
				CLANG_ANALYZER_NUMBER_OBJECT_CONVERSION = YES_AGGRESSIVE;
				CLANG_CXX_LANGUAGE_STANDARD = "gnu++14";
				CLANG_CXX_LIBRARY = "libc++";
				CLANG_ENABLE_MODULES = YES;
				CLANG_ENABLE_OBJC_ARC = YES;
				CLANG_ENABLE_OBJC_WEAK = YES;
				CLANG_WARN_BLOCK_CAPTURE_AUTORELEASING = YES;
				CLANG_WARN_BOOL_CONVERSION = YES;
				CLANG_WARN_COMMA = YES;
				CLANG_WARN_CONSTANT_CONVERSION = YES;
				CLANG_WARN_DEPRECATED_OBJC_IMPLEMENTATIONS = YES;
				CLANG_WARN_DIRECT_OBJC_ISA_USAGE = YES_ERROR;
				CLANG_WARN_DOCUMENTATION_COMMENTS = YES;
				CLANG_WARN_EMPTY_BODY = YES;
				CLANG_WARN_ENUM_CONVERSION = YES;
				CLANG_WARN_INFINITE_RECURSION = YES;
				CLANG_WARN_INT_CONVERSION = YES;
				CLANG_WARN_NON_LITERAL_NULL_CONVERSION = YES;
				CLANG_WARN_OBJC_IMPLICIT_RETAIN_SELF = YES;
				CLANG_WARN_OBJC_LITERAL_CONVERSION = YES;
				CLANG_WARN_OBJC_ROOT_CLASS = YES_ERROR;
				CLANG_WARN_RANGE_LOOP_ANALYSIS = YES;
				CLANG_WARN_STRICT_PROTOTYPES = YES;
				CLANG_WARN_SUSPICIOUS_MOVE = YES;
				CLANG_WARN_UNGUARDED_AVAILABILITY = YES_AGGRESSIVE;
				CLANG_WARN_UNREACHABLE_CODE = YES;
				CLANG_WARN__DUPLICATE_METHOD_MATCH = YES;
				CODE_SIGN_IDENTITY = "iPhone Developer";
				COPY_PHASE_STRIP = NO;
				DEBUG_INFORMATION_FORMAT = "dwarf-with-dsym";
				ENABLE_NS_ASSERTIONS = NO;
				ENABLE_STRICT_OBJC_MSGSEND = YES;
				GCC_C_LANGUAGE_STANDARD = gnu11;
				GCC_NO_COMMON_BLOCKS = YES;
				GCC_WARN_64_TO_32_BIT_CONVERSION = YES;
				GCC_WARN_ABOUT_RETURN_TYPE = YES_ERROR;
				GCC_WARN_UNDECLARED_SELECTOR = YES;
				GCC_WARN_UNINITIALIZED_AUTOS = YES_AGGRESSIVE;
				GCC_WARN_UNUSED_FUNCTION = YES;
				GCC_WARN_UNUSED_VARIABLE = YES;
				IPHONEOS_DEPLOYMENT_TARGET = 12.2;
				MTL_ENABLE_DEBUG_INFO = NO;
				MTL_FAST_MATH = YES;
				SDKROOT = iphoneos;
				SWIFT_COMPILATION_MODE = wholemodule;
				SWIFT_OPTIMIZATION_LEVEL = "-O";
				VALIDATE_PRODUCT = YES;
			};
			name = Release;
		};
		BA05D32D22C0AAB90012F111 /* Debug */ = {
			isa = XCBuildConfiguration;
			buildSettings = {
				ASSETCATALOG_COMPILER_APPICON_NAME = AppIcon;
				CODE_SIGN_STYLE = Automatic;
				INFOPLIST_FILE = "Line Profile/Info.plist";
				LD_RUNPATH_SEARCH_PATHS = (
					"$(inherited)",
					"@executable_path/Frameworks",
				);
				PRODUCT_BUNDLE_IDENTIFIER = "com.henry.Line-Profile";
				PRODUCT_NAME = "$(TARGET_NAME)";
				SWIFT_VERSION = 5.0;
				TARGETED_DEVICE_FAMILY = "1,2";
			};
			name = Debug;
		};
		BA05D32E22C0AAB90012F111 /* Release */ = {
			isa = XCBuildConfiguration;
			buildSettings = {
				ASSETCATALOG_COMPILER_APPICON_NAME = AppIcon;
				CODE_SIGN_STYLE = Automatic;
				INFOPLIST_FILE = "Line Profile/Info.plist";
				LD_RUNPATH_SEARCH_PATHS = (
					"$(inherited)",
					"@executable_path/Frameworks",
				);
				PRODUCT_BUNDLE_IDENTIFIER = "com.henry.Line-Profile";
				PRODUCT_NAME = "$(TARGET_NAME)";
				SWIFT_VERSION = 5.0;
				TARGETED_DEVICE_FAMILY = "1,2";
			};
			name = Release;
		};
/* End XCBuildConfiguration section */

/* Begin XCConfigurationList section */
		BA05D31522C0AAB70012F111 /* Build configuration list for PBXProject "Line Profile" */ = {
			isa = XCConfigurationList;
			buildConfigurations = (
				BA05D32A22C0AAB90012F111 /* Debug */,
				BA05D32B22C0AAB90012F111 /* Release */,
			);
			defaultConfigurationIsVisible = 0;
			defaultConfigurationName = Release;
		};
		BA05D32C22C0AAB90012F111 /* Build configuration list for PBXNativeTarget "Line Profile" */ = {
			isa = XCConfigurationList;
			buildConfigurations = (
				BA05D32D22C0AAB90012F111 /* Debug */,
				BA05D32E22C0AAB90012F111 /* Release */,
			);
			defaultConfigurationIsVisible = 0;
			defaultConfigurationName = Release;
		};
/* End XCConfigurationList section */
	};
	rootObject = BA05D31222C0AAB70012F111 /* Project object */;
}
